
Microsoft Visual Studio Solution File, Format Version 12.00
# Visual Studio Version 17
VisualStudioVersion = 17.5.33530.505
MinimumVisualStudioVersion = 10.0.40219.1
Project("{9A19103F-16F7-4668-BE54-9A1E7A4F7556}") = "Compte", "Compte.csproj", "{5E072D4D-2CB7-4E78-BA97-5FC2DC7EC207}"
EndProject
Global
	GlobalSection(SolutionConfigurationPlatforms) = preSolution
		Debug|Any CPU = Debug|Any CPU
		Release|Any CPU = Release|Any CPU
	EndGlobalSection
	GlobalSection(ProjectConfigurationPlatforms) = postSolution
		{5E072D4D-2CB7-4E78-BA97-5FC2DC7EC207}.Debug|Any CPU.ActiveCfg = Debug|Any CPU
		{5E072D4D-2CB7-4E78-BA97-5FC2DC7EC207}.Debug|Any CPU.Build.0 = Debug|Any CPU
		{5E072D4D-2CB7-4E78-BA97-5FC2DC7EC207}.Release|Any CPU.ActiveCfg = Release|Any CPU
		{5E072D4D-2CB7-4E78-BA97-5FC2DC7EC207}.Release|Any CPU.Build.0 = Release|Any CPU
	EndGlobalSection
	GlobalSection(SolutionProperties) = preSolution
		HideSolutionNode = FALSE
	EndGlobalSection
	GlobalSection(ExtensibilityGlobals) = postSolution
		SolutionGuid = {D211C65F-AFEF-447F-93DE-C88C3BBD3734}
	EndGlobalSection
EndGlobal
